
Microsoft Visual Studio Solution File, Format Version 11.00
# Visual Studio 2010
Project("{FAE04EC0-301F-11D3-BF4B-00C04F79EFBC}") = "PowerModeChangedListener", "PowerModeChangedListener\PowerModeChangedListener.csproj", "{A8DD1571-7F20-4A24-915F-02DEB7F1926C}"
EndProject
Global
	GlobalSection(SolutionConfigurationPlatforms) = preSolution
		Debug|x86 = Debug|x86
		Release|x86 = Release|x86
	EndGlobalSection
	GlobalSection(ProjectConfigurationPlatforms) = postSolution
		{A8DD1571-7F20-4A24-915F-02DEB7F1926C}.Debug|x86.ActiveCfg = Debug|x86
		{A8DD1571-7F20-4A24-915F-02DEB7F1926C}.Debug|x86.Build.0 = Debug|x86
		{A8DD1571-7F20-4A24-915F-02DEB7F1926C}.Release|x86.ActiveCfg = Release|x86
		{A8DD1571-7F20-4A24-915F-02DEB7F1926C}.Release|x86.Build.0 = Release|x86
	EndGlobalSection
	GlobalSection(SolutionProperties) = preSolution
		HideSolutionNode = FALSE
	EndGlobalSection
EndGlobal
